// !$*UTF8*$!
{
	archiveVersion = 1;
	classes = {
	};
	objectVersion = 46;
	objects = {

/* Begin PBXBuildFile section */
		4E7A66131E24FE8D0011DF09 /* AppDelegate.swift in Sources */ = {isa = PBXBuildFile; fileRef = 4E7A66121E24FE8D0011DF09 /* AppDelegate.swift */; };
		4E7A66151E24FE8D0011DF09 /* ViewController.swift in Sources */ = {isa = PBXBuildFile; fileRef = 4E7A66141E24FE8D0011DF09 /* ViewController.swift */; };
		4E7A66181E24FE8D0011DF09 /* Main.storyboard in Resources */ = {isa = PBXBuildFile; fileRef = 4E7A66161E24FE8D0011DF09 /* Main.storyboard */; };
		4E7A661A1E24FE8D0011DF09 /* Assets.xcassets in Resources */ = {isa = PBXBuildFile; fileRef = 4E7A66191E24FE8D0011DF09 /* Assets.xcassets */; };
		4E7A661D1E24FE8D0011DF09 /* LaunchScreen.storyboard in Resources */ = {isa = PBXBuildFile; fileRef = 4E7A661B1E24FE8D0011DF09 /* LaunchScreen.storyboard */; };
		4E7A66281E24FE8D0011DF09 /* HelpTheWorldTests.swift in Sources */ = {isa = PBXBuildFile; fileRef = 4E7A66271E24FE8D0011DF09 /* HelpTheWorldTests.swift */; };
		4E7A66331E24FE8D0011DF09 /* HelpTheWorldUITests.swift in Sources */ = {isa = PBXBuildFile; fileRef = 4E7A66321E24FE8D0011DF09 /* HelpTheWorldUITests.swift */; };
/* End PBXBuildFile section */

/* Begin PBXContainerItemProxy section */
		4E7A66241E24FE8D0011DF09 /* PBXContainerItemProxy */ = {
			isa = PBXContainerItemProxy;
			containerPortal = 4E7A66071E24FE8D0011DF09 /* Project object */;
			proxyType = 1;
			remoteGlobalIDString = 4E7A660E1E24FE8D0011DF09;
			remoteInfo = HelpTheWorld;
		};
		4E7A662F1E24FE8D0011DF09 /* PBXContainerItemProxy */ = {
			isa = PBXContainerItemProxy;
			containerPortal = 4E7A66071E24FE8D0011DF09 /* Project object */;
			proxyType = 1;
			remoteGlobalIDString = 4E7A660E1E24FE8D0011DF09;
			remoteInfo = HelpTheWorld;
		};
/* End PBXContainerItemProxy section */

/* Begin PBXFileReference section */
		4E7A660F1E24FE8D0011DF09 /* HelpTheWorld.app */ = {isa = PBXFileReference; explicitFileType = wrapper.application; includeInIndex = 0; path = HelpTheWorld.app; sourceTree = BUILT_PRODUCTS_DIR; };
		4E7A66121E24FE8D0011DF09 /* AppDelegate.swift */ = {isa = PBXFileReference; lastKnownFileType = sourcecode.swift; path = AppDelegate.swift; sourceTree = "<group>"; };
		4E7A66141E24FE8D0011DF09 /* ViewController.swift */ = {isa = PBXFileReference; lastKnownFileType = sourcecode.swift; path = ViewController.swift; sourceTree = "<group>"; };
		4E7A66171E24FE8D0011DF09 /* Base */ = {isa = PBXFileReference; lastKnownFileType = file.storyboard; name = Base; path = Base.lproj/Main.storyboard; sourceTree = "<group>"; };
		4E7A66191E24FE8D0011DF09 /* Assets.xcassets */ = {isa = PBXFileReference; lastKnownFileType = folder.assetcatalog; path = Assets.xcassets; sourceTree = "<group>"; };
		4E7A661C1E24FE8D0011DF09 /* Base */ = {isa = PBXFileReference; lastKnownFileType = file.storyboard; name = Base; path = Base.lproj/LaunchScreen.storyboard; sourceTree = "<group>"; };
		4E7A661E1E24FE8D0011DF09 /* Info.plist */ = {isa = PBXFileReference; lastKnownFileType = text.plist.xml; path = Info.plist; sourceTree = "<group>"; };
		4E7A66231E24FE8D0011DF09 /* HelpTheWorldTests.xctest */ = {isa = PBXFileReference; explicitFileType = wrapper.cfbundle; includeInIndex = 0; path = HelpTheWorldTests.xctest; sourceTree = BUILT_PRODUCTS_DIR; };
		4E7A66271E24FE8D0011DF09 /* HelpTheWorldTests.swift */ = {isa = PBXFileReference; lastKnownFileType = sourcecode.swift; path = HelpTheWorldTests.swift; sourceTree = "<group>"; };
		4E7A66291E24FE8D0011DF09 /* Info.plist */ = {isa = PBXFileReference; lastKnownFileType = text.plist.xml; path = Info.plist; sourceTree = "<group>"; };
		4E7A662E1E24FE8D0011DF09 /* HelpTheWorldUITests.xctest */ = {isa = PBXFileReference; explicitFileType = wrapper.cfbundle; includeInIndex = 0; path = HelpTheWorldUITests.xctest; sourceTree = BUILT_PRODUCTS_DIR; };
		4E7A66321E24FE8D0011DF09 /* HelpTheWorldUITests.swift */ = {isa = PBXFileReference; lastKnownFileType = sourcecode.swift; path = HelpTheWorldUITests.swift; sourceTree = "<group>"; };
		4E7A66341E24FE8D0011DF09 /* Info.plist */ = {isa = PBXFileReference; lastKnownFileType = text.plist.xml; path = Info.plist; sourceTree = "<group>"; };
/* End PBXFileReference section */

/* Begin PBXFrameworksBuildPhase section */
		4E7A660C1E24FE8D0011DF09 /* Frameworks */ = {
			isa = PBXFrameworksBuildPhase;
			buildActionMask = 2147483647;
			files = (
			);
			runOnlyForDeploymentPostprocessing = 0;
		};
		4E7A66201E24FE8D0011DF09 /* Frameworks */ = {
			isa = PBXFrameworksBuildPhase;
			buildActionMask = 2147483647;
			files = (
			);
			runOnlyForDeploymentPostprocessing = 0;
		};
		4E7A662B1E24FE8D0011DF09 /* Frameworks */ = {
			isa = PBXFrameworksBuildPhase;
			buildActionMask = 2147483647;
			files = (
			);
			runOnlyForDeploymentPostprocessing = 0;
		};
/* End PBXFrameworksBuildPhase section */

/* Begin PBXGroup section */
		4E7A66061E24FE8D0011DF09 = {
			isa = PBXGroup;
			children = (
				4E7A66111E24FE8D0011DF09 /* HelpTheWorld */,
				4E7A66261E24FE8D0011DF09 /* HelpTheWorldTests */,
				4E7A66311E24FE8D0011DF09 /* HelpTheWorldUITests */,
				4E7A66101E24FE8D0011DF09 /* Products */,
			);
			sourceTree = "<group>";
		};
		4E7A66101E24FE8D0011DF09 /* Products */ = {
			isa = PBXGroup;
			children = (
				4E7A660F1E24FE8D0011DF09 /* HelpTheWorld.app */,
				4E7A66231E24FE8D0011DF09 /* HelpTheWorldTests.xctest */,
				4E7A662E1E24FE8D0011DF09 /* HelpTheWorldUITests.xctest */,
			);
			name = Products;
			sourceTree = "<group>";
		};
		4E7A66111E24FE8D0011DF09 /* HelpTheWorld */ = {
			isa = PBXGroup;
			children = (
				4E7A66121E24FE8D0011DF09 /* AppDelegate.swift */,
				4E7A66141E24FE8D0011DF09 /* ViewController.swift */,
				4E7A66161E24FE8D0011DF09 /* Main.storyboard */,
				4E7A66191E24FE8D0011DF09 /* Assets.xcassets */,
				4E7A661B1E24FE8D0011DF09 /* LaunchScreen.storyboard */,
				4E7A661E1E24FE8D0011DF09 /* Info.plist */,
			);
			path = HelpTheWorld;
			sourceTree = "<group>";
		};
		4E7A66261E24FE8D0011DF09 /* HelpTheWorldTests */ = {
			isa = PBXGroup;
			children = (
				4E7A66271E24FE8D0011DF09 /* HelpTheWorldTests.swift */,
				4E7A66291E24FE8D0011DF09 /* Info.plist */,
			);
			path = HelpTheWorldTests;
			sourceTree = "<group>";
		};
		4E7A66311E24FE8D0011DF09 /* HelpTheWorldUITests */ = {
			isa = PBXGroup;
			children = (
				4E7A66321E24FE8D0011DF09 /* HelpTheWorldUITests.swift */,
				4E7A66341E24FE8D0011DF09 /* Info.plist */,
			);
			path = HelpTheWorldUITests;
			sourceTree = "<group>";
		};
/* End PBXGroup section */

/* Begin PBXNativeTarget section */
		4E7A660E1E24FE8D0011DF09 /* HelpTheWorld */ = {
			isa = PBXNativeTarget;
			buildConfigurationList = 4E7A66371E24FE8D0011DF09 /* Build configuration list for PBXNativeTarget "HelpTheWorld" */;
			buildPhases = (
				4E7A660B1E24FE8D0011DF09 /* Sources */,
				4E7A660C1E24FE8D0011DF09 /* Frameworks */,
				4E7A660D1E24FE8D0011DF09 /* Resources */,
			);
			buildRules = (
			);
			dependencies = (
			);
			name = HelpTheWorld;
			productName = HelpTheWorld;
			productReference = 4E7A660F1E24FE8D0011DF09 /* HelpTheWorld.app */;
			productType = "com.apple.product-type.application";
		};
		4E7A66221E24FE8D0011DF09 /* HelpTheWorldTests */ = {
			isa = PBXNativeTarget;
			buildConfigurationList = 4E7A663A1E24FE8D0011DF09 /* Build configuration list for PBXNativeTarget "HelpTheWorldTests" */;
			buildPhases = (
				4E7A661F1E24FE8D0011DF09 /* Sources */,
				4E7A66201E24FE8D0011DF09 /* Frameworks */,
				4E7A66211E24FE8D0011DF09 /* Resources */,
			);
			buildRules = (
			);
			dependencies = (
				4E7A66251E24FE8D0011DF09 /* PBXTargetDependency */,
			);
			name = HelpTheWorldTests;
			productName = HelpTheWorldTests;
			productReference = 4E7A66231E24FE8D0011DF09 /* HelpTheWorldTests.xctest */;
			productType = "com.apple.product-type.bundle.unit-test";
		};
		4E7A662D1E24FE8D0011DF09 /* HelpTheWorldUITests */ = {
			isa = PBXNativeTarget;
			buildConfigurationList = 4E7A663D1E24FE8D0011DF09 /* Build configuration list for PBXNativeTarget "HelpTheWorldUITests" */;
			buildPhases = (
				4E7A662A1E24FE8D0011DF09 /* Sources */,
				4E7A662B1E24FE8D0011DF09 /* Frameworks */,
				4E7A662C1E24FE8D0011DF09 /* Resources */,
			);
			buildRules = (
			);
			dependencies = (
				4E7A66301E24FE8D0011DF09 /* PBXTargetDependency */,
			);
			name = HelpTheWorldUITests;
			productName = HelpTheWorldUITests;
			productReference = 4E7A662E1E24FE8D0011DF09 /* HelpTheWorldUITests.xctest */;
			productType = "com.apple.product-type.bundle.ui-testing";
		};
/* End PBXNativeTarget section */

/* Begin PBXProject section */
		4E7A66071E24FE8D0011DF09 /* Project object */ = {
			isa = PBXProject;
			attributes = {
				LastSwiftUpdateCheck = 0820;
				LastUpgradeCheck = 0820;
				ORGANIZATIONNAME = "Shaik Muhammad Abdul Razak";
				TargetAttributes = {
					4E7A660E1E24FE8D0011DF09 = {
						CreatedOnToolsVersion = 8.2.1;
						ProvisioningStyle = Automatic;
					};
					4E7A66221E24FE8D0011DF09 = {
						CreatedOnToolsVersion = 8.2.1;
						ProvisioningStyle = Automatic;
						TestTargetID = 4E7A660E1E24FE8D0011DF09;
					};
					4E7A662D1E24FE8D0011DF09 = {
						CreatedOnToolsVersion = 8.2.1;
						ProvisioningStyle = Automatic;
						TestTargetID = 4E7A660E1E24FE8D0011DF09;
					};
				};
			};
			buildConfigurationList = 4E7A660A1E24FE8D0011DF09 /* Build configuration list for PBXProject "HelpTheWorld" */;
			compatibilityVersion = "Xcode 3.2";
			developmentRegion = English;
			hasScannedForEncodings = 0;
			knownRegions = (
				en,
				Base,
			);
			mainGroup = 4E7A66061E24FE8D0011DF09;
			productRefGroup = 4E7A66101E24FE8D0011DF09 /* Products */;
			projectDirPath = "";
			projectRoot = "";
			targets = (
				4E7A660E1E24FE8D0011DF09 /* HelpTheWorld */,
				4E7A66221E24FE8D0011DF09 /* HelpTheWorldTests */,
				4E7A662D1E24FE8D0011DF09 /* HelpTheWorldUITests */,
			);
		};
/* End PBXProject section */

/* Begin PBXResourcesBuildPhase section */
		4E7A660D1E24FE8D0011DF09 /* Resources */ = {
			isa = PBXResourcesBuildPhase;
			buildActionMask = 2147483647;
			files = (
				4E7A661D1E24FE8D0011DF09 /* LaunchScreen.storyboard in Resources */,
				4E7A661A1E24FE8D0011DF09 /* Assets.xcassets in Resources */,
				4E7A66181E24FE8D0011DF09 /* Main.storyboard in Resources */,
			);
			runOnlyForDeploymentPostprocessing = 0;
		};
		4E7A66211E24FE8D0011DF09 /* Resources */ = {
			isa = PBXResourcesBuildPhase;
			buildActionMask = 2147483647;
			files = (
			);
			runOnlyForDeploymentPostprocessing = 0;
		};
		4E7A662C1E24FE8D0011DF09 /* Resources */ = {
			isa = PBXResourcesBuildPhase;
			buildActionMask = 2147483647;
			files = (
			);
			runOnlyForDeploymentPostprocessing = 0;
		};
/* End PBXResourcesBuildPhase section */

/* Begin PBXSourcesBuildPhase section */
		4E7A660B1E24FE8D0011DF09 /* Sources */ = {
			isa = PBXSourcesBuildPhase;
			buildActionMask = 2147483647;
			files = (
				4E7A66151E24FE8D0011DF09 /* ViewController.swift in Sources */,
				4E7A66131E24FE8D0011DF09 /* AppDelegate.swift in Sources */,
			);
			runOnlyForDeploymentPostprocessing = 0;
		};
		4E7A661F1E24FE8D0011DF09 /* Sources */ = {
			isa = PBXSourcesBuildPhase;
			buildActionMask = 2147483647;
			files = (
				4E7A66281E24FE8D0011DF09 /* HelpTheWorldTests.swift in Sources */,
			);
			runOnlyForDeploymentPostprocessing = 0;
		};
		4E7A662A1E24FE8D0011DF09 /* Sources */ = {
			isa = PBXSourcesBuildPhase;
			buildActionMask = 2147483647;
			files = (
				4E7A66331E24FE8D0011DF09 /* HelpTheWorldUITests.swift in Sources */,
			);
			runOnlyForDeploymentPostprocessing = 0;
		};
/* End PBXSourcesBuildPhase section */

/* Begin PBXTargetDependency section */
		4E7A66251E24FE8D0011DF09 /* PBXTargetDependency */ = {
			isa = PBXTargetDependency;
			target = 4E7A660E1E24FE8D0011DF09 /* HelpTheWorld */;
			targetProxy = 4E7A66241E24FE8D0011DF09 /* PBXContainerItemProxy */;
		};
		4E7A66301E24FE8D0011DF09 /* PBXTargetDependency */ = {
			isa = PBXTargetDependency;
			target = 4E7A660E1E24FE8D0011DF09 /* HelpTheWorld */;
			targetProxy = 4E7A662F1E24FE8D0011DF09 /* PBXContainerItemProxy */;
		};
/* End PBXTargetDependency section */

/* Begin PBXVariantGroup section */
		4E7A66161E24FE8D0011DF09 /* Main.storyboard */ = {
			isa = PBXVariantGroup;
			children = (
				4E7A66171E24FE8D0011DF09 /* Base */,
			);
			name = Main.storyboard;
			sourceTree = "<group>";
		};
		4E7A661B1E24FE8D0011DF09 /* LaunchScreen.storyboard */ = {
			isa = PBXVariantGroup;
			children = (
				4E7A661C1E24FE8D0011DF09 /* Base */,
			);
			name = LaunchScreen.storyboard;
			sourceTree = "<group>";
		};
/* End PBXVariantGroup section */

/* Begin XCBuildConfiguration section */
		4E7A66351E24FE8D0011DF09 /* Debug */ = {
			isa = XCBuildConfiguration;
			buildSettings = {
				ALWAYS_SEARCH_USER_PATHS = NO;
				CLANG_ANALYZER_NONNULL = YES;
				CLANG_CXX_LANGUAGE_STANDARD = "gnu++0x";
				CLANG_CXX_LIBRARY = "libc++";
				CLANG_ENABLE_MODULES = YES;
				CLANG_ENABLE_OBJC_ARC = YES;
				CLANG_WARN_BOOL_CONVERSION = YES;
				CLANG_WARN_CONSTANT_CONVERSION = YES;
				CLANG_WARN_DIRECT_OBJC_ISA_USAGE = YES_ERROR;
				CLANG_WARN_DOCUMENTATION_COMMENTS = YES;
				CLANG_WARN_EMPTY_BODY = YES;
				CLANG_WARN_ENUM_CONVERSION = YES;
				CLANG_WARN_INFINITE_RECURSION = YES;
				CLANG_WARN_INT_CONVERSION = YES;
				CLANG_WARN_OBJC_ROOT_CLASS = YES_ERROR;
				CLANG_WARN_SUSPICIOUS_MOVE = YES;
				CLANG_WARN_UNREACHABLE_CODE = YES;
				CLANG_WARN__DUPLICATE_METHOD_MATCH = YES;
				"CODE_SIGN_IDENTITY[sdk=iphoneos*]" = "iPhone Developer";
				COPY_PHASE_STRIP = NO;
				DEBUG_INFORMATION_FORMAT = dwarf;
				ENABLE_STRICT_OBJC_MSGSEND = YES;
				ENABLE_TESTABILITY = YES;
				GCC_C_LANGUAGE_STANDARD = gnu99;
				GCC_DYNAMIC_NO_PIC = NO;
				GCC_NO_COMMON_BLOCKS = YES;
				GCC_OPTIMIZATION_LEVEL = 0;
				GCC_PREPROCESSOR_DEFINITIONS = (
					"DEBUG=1",
					"$(inherited)",
				);
				GCC_WARN_64_TO_32_BIT_CONVERSION = YES;
				GCC_WARN_ABOUT_RETURN_TYPE = YES_ERROR;
				GCC_WARN_UNDECLARED_SELECTOR = YES;
				GCC_WARN_UNINITIALIZED_AUTOS = YES_AGGRESSIVE;
				GCC_WARN_UNUSED_FUNCTION = YES;
				GCC_WARN_UNUSED_VARIABLE = YES;
				IPHONEOS_DEPLOYMENT_TARGET = 10.2;
				MTL_ENABLE_DEBUG_INFO = YES;
				ONLY_ACTIVE_ARCH = YES;
				SDKROOT = iphoneos;
				SWIFT_ACTIVE_COMPILATION_CONDITIONS = DEBUG;
				SWIFT_OPTIMIZATION_LEVEL = "-Onone";
				TARGETED_DEVICE_FAMILY = "1,2";
			};
			name = Debug;
		};
		4E7A66361E24FE8D0011DF09 /* Release */ = {
			isa = XCBuildConfiguration;
			buildSettings = {
				ALWAYS_SEARCH_USER_PATHS = NO;
				CLANG_ANALYZER_NONNULL = YES;
				CLANG_CXX_LANGUAGE_STANDARD = "gnu++0x";
				CLANG_CXX_LIBRARY = "libc++";
				CLANG_ENABLE_MODULES = YES;
				CLANG_ENABLE_OBJC_ARC = YES;
				CLANG_WARN_BOOL_CONVERSION = YES;
				CLANG_WARN_CONSTANT_CONVERSION = YES;
				CLANG_WARN_DIRECT_OBJC_ISA_USAGE = YES_ERROR;
				CLANG_WARN_DOCUMENTATION_COMMENTS = YES;
				CLANG_WARN_EMPTY_BODY = YES;
				CLANG_WARN_ENUM_CONVERSION = YES;
				CLANG_WARN_INFINITE_RECURSION = YES;
				CLANG_WARN_INT_CONVERSION = YES;
				CLANG_WARN_OBJC_ROOT_CLASS = YES_ERROR;
				CLANG_WARN_SUSPICIOUS_MOVE = YES;
				CLANG_WARN_UNREACHABLE_CODE = YES;
				CLANG_WARN__DUPLICATE_METHOD_MATCH = YES;
				"CODE_SIGN_IDENTITY[sdk=iphoneos*]" = "iPhone Developer";
				COPY_PHASE_STRIP = NO;
				DEBUG_INFORMATION_FORMAT = "dwarf-with-dsym";
				ENABLE_NS_ASSERTIONS = NO;
				ENABLE_STRICT_OBJC_MSGSEND = YES;
				GCC_C_LANGUAGE_STANDARD = gnu99;
				GCC_NO_COMMON_BLOCKS = YES;
				GCC_WARN_64_TO_32_BIT_CONVERSION = YES;
				GCC_WARN_ABOUT_RETURN_TYPE = YES_ERROR;
				GCC_WARN_UNDECLARED_SELECTOR = YES;
				GCC_WARN_UNINITIALIZED_AUTOS = YES_AGGRESSIVE;
				GCC_WARN_UNUSED_FUNCTION = YES;
				GCC_WARN_UNUSED_VARIABLE = YES;
				IPHONEOS_DEPLOYMENT_TARGET = 10.2;
				MTL_ENABLE_DEBUG_INFO = NO;
				SDKROOT = iphoneos;
				SWIFT_OPTIMIZATION_LEVEL = "-Owholemodule";
				TARGETED_DEVICE_FAMILY = "1,2";
				VALIDATE_PRODUCT = YES;
			};
			name = Release;
		};
		4E7A66381E24FE8D0011DF09 /* Debug */ = {
			isa = XCBuildConfiguration;
			buildSettings = {
				ASSETCATALOG_COMPILER_APPICON_NAME = AppIcon;
				INFOPLIST_FILE = HelpTheWorld/Info.plist;
				LD_RUNPATH_SEARCH_PATHS = "$(inherited) @executable_path/Frameworks";
				PRODUCT_BUNDLE_IDENTIFIER = com.shaikm.HelpTheWorld;
				PRODUCT_NAME = "$(TARGET_NAME)";
				SWIFT_VERSION = 3.0;
			};
			name = Debug;
		};
		4E7A66391E24FE8D0011DF09 /* Release */ = {
			isa = XCBuildConfiguration;
			buildSettings = {
				ASSETCATALOG_COMPILER_APPICON_NAME = AppIcon;
				INFOPLIST_FILE = HelpTheWorld/Info.plist;
				LD_RUNPATH_SEARCH_PATHS = "$(inherited) @executable_path/Frameworks";
				PRODUCT_BUNDLE_IDENTIFIER = com.shaikm.HelpTheWorld;
				PRODUCT_NAME = "$(TARGET_NAME)";
				SWIFT_VERSION = 3.0;
			};
			name = Release;
		};
		4E7A663B1E24FE8D0011DF09 /* Debug */ = {
			isa = XCBuildConfiguration;
			buildSettings = {
				ALWAYS_EMBED_SWIFT_STANDARD_LIBRARIES = YES;
				BUNDLE_LOADER = "$(TEST_HOST)";
				INFOPLIST_FILE = HelpTheWorldTests/Info.plist;
				LD_RUNPATH_SEARCH_PATHS = "$(inherited) @executable_path/Frameworks @loader_path/Frameworks";
				PRODUCT_BUNDLE_IDENTIFIER = com.shaikm.HelpTheWorldTests;
				PRODUCT_NAME = "$(TARGET_NAME)";
				SWIFT_VERSION = 3.0;
				TEST_HOST = "$(BUILT_PRODUCTS_DIR)/HelpTheWorld.app/HelpTheWorld";
			};
			name = Debug;
		};
		4E7A663C1E24FE8D0011DF09 /* Release */ = {
			isa = XCBuildConfiguration;
			buildSettings = {
				ALWAYS_EMBED_SWIFT_STANDARD_LIBRARIES = YES;
				BUNDLE_LOADER = "$(TEST_HOST)";
				INFOPLIST_FILE = HelpTheWorldTests/Info.plist;
				LD_RUNPATH_SEARCH_PATHS = "$(inherited) @executable_path/Frameworks @loader_path/Frameworks";
				PRODUCT_BUNDLE_IDENTIFIER = com.shaikm.HelpTheWorldTests;
				PRODUCT_NAME = "$(TARGET_NAME)";
				SWIFT_VERSION = 3.0;
				TEST_HOST = "$(BUILT_PRODUCTS_DIR)/HelpTheWorld.app/HelpTheWorld";
			};
			name = Release;
		};
		4E7A663E1E24FE8D0011DF09 /* Debug */ = {
			isa = XCBuildConfiguration;
			buildSettings = {
				ALWAYS_EMBED_SWIFT_STANDARD_LIBRARIES = YES;
				INFOPLIST_FILE = HelpTheWorldUITests/Info.plist;
				LD_RUNPATH_SEARCH_PATHS = "$(inherited) @executable_path/Frameworks @loader_path/Frameworks";
				PRODUCT_BUNDLE_IDENTIFIER = com.shaikm.HelpTheWorldUITests;
				PRODUCT_NAME = "$(TARGET_NAME)";
				SWIFT_VERSION = 3.0;
				TEST_TARGET_NAME = HelpTheWorld;
			};
			name = Debug;
		};
		4E7A663F1E24FE8D0011DF09 /* Release */ = {
			isa = XCBuildConfiguration;
			buildSettings = {
				ALWAYS_EMBED_SWIFT_STANDARD_LIBRARIES = YES;
				INFOPLIST_FILE = HelpTheWorldUITests/Info.plist;
				LD_RUNPATH_SEARCH_PATHS = "$(inherited) @executable_path/Frameworks @loader_path/Frameworks";
				PRODUCT_BUNDLE_IDENTIFIER = com.shaikm.HelpTheWorldUITests;
				PRODUCT_NAME = "$(TARGET_NAME)";
				SWIFT_VERSION = 3.0;
				TEST_TARGET_NAME = HelpTheWorld;
			};
			name = Release;
		};
/* End XCBuildConfiguration section */

/* Begin XCConfigurationList section */
		4E7A660A1E24FE8D0011DF09 /* Build configuration list for PBXProject "HelpTheWorld" */ = {
			isa = XCConfigurationList;
			buildConfigurations = (
				4E7A66351E24FE8D0011DF09 /* Debug */,
				4E7A66361E24FE8D0011DF09 /* Release */,
			);
			defaultConfigurationIsVisible = 0;
			defaultConfigurationName = Release;
		};
		4E7A66371E24FE8D0011DF09 /* Build configuration list for PBXNativeTarget "HelpTheWorld" */ = {
			isa = XCConfigurationList;
			buildConfigurations = (
				4E7A66381E24FE8D0011DF09 /* Debug */,
				4E7A66391E24FE8D0011DF09 /* Release */,
			);
			defaultConfigurationIsVisible = 0;
		};
		4E7A663A1E24FE8D0011DF09 /* Build configuration list for PBXNativeTarget "HelpTheWorldTests" */ = {
			isa = XCConfigurationList;
			buildConfigurations = (
				4E7A663B1E24FE8D0011DF09 /* Debug */,
				4E7A663C1E24FE8D0011DF09 /* Release */,
			);
			defaultConfigurationIsVisible = 0;
		};
		4E7A663D1E24FE8D0011DF09 /* Build configuration list for PBXNativeTarget "HelpTheWorldUITests" */ = {
			isa = XCConfigurationList;
			buildConfigurations = (
				4E7A663E1E24FE8D0011DF09 /* Debug */,
				4E7A663F1E24FE8D0011DF09 /* Release */,
			);
			defaultConfigurationIsVisible = 0;
		};
/* End XCConfigurationList section */
	};
	rootObject = 4E7A66071E24FE8D0011DF09 /* Project object */;
}
